{
    "_meta": {
        "hash": {
            "sha256": "e514d221fe57403e42f5fd9f069a4d5fbfb6fe3079982d01f29ffa75e686d821"
        },
        "pipfile-spec": 6,
        "requires": {
            "python_version": "3.10"
        },
        "sources": [
            {
                "name": "pypi",
                "url": "https://pypi.org/simple",
                "verify_ssl": true
            }
        ]
    },
    "default": {
        "blink1": {
            "hashes": [
                "sha256:2600687d5d30f8d75acbf8c0d0b6e54739b76de48a97d2abe7a6c6e7ff3752f8"
            ],
            "index": "pypi",
            "version": "==0.3.1"
        },
        "click": {
            "hashes": [
                "sha256:ae74fb96c20a0277a1d615f1e4d73c8414f5a98db8b799a7931d1582f3390c28",
                "sha256:ca9853ad459e787e2192211578cc907e7594e294c7ccc834310722b41b9ca6de"
            ],
            "markers": "python_version >= '3.7'",
            "version": "==8.1.7"
        },
        "hidapi": {
            "hashes": [
                "sha256:01929fbbe206ebcb0bad9b8e925e16de0aa8f872bf80a263f599e519866d9900",
                "sha256:0fb47a0a8c3a6797306ea9eb8d1bdad68e5493ef5c8fa2e644501d56f2677551",
                "sha256:103dfa1c19832b8928775ec491c3016c9f9063dd2ccdc37811bf12f3cc0a789f",
                "sha256:1370bc6a364fd292accd580a8d7bac4219932144d149f3a513bb472581eac421",
                "sha256:15f1fd34b0719d1e4d1bbc0bce325b318ee3e85c36fac0d23c6fb9d7f4d611db",
                "sha256:174be08584e5c686fb02a6f51cc159d6e491fd7a7c7d1978b28f913362c7ad11",
                "sha256:1a63c0bc33329d0e572afe20b9dff27155d4fff34d0f2fa662e6704b9e2e18c4",
                "sha256:1a777912e93a9f773aa6359fdb7b152b654991bb9afd6d3ce20e52dfbf18db00",
                "sha256:1b4052f17321f5f0b641e020eae87db5bb0103f893198e61b2495358db83ddab",
                "sha256:1c0959d89bc95acb4f9e6d58c8562281e22694959e42c10108193a1362b4fcd9",
                "sha256:2906ad143ec40009c33348ab4b3f7a9bdaa87b65bdc55983399bed47ee90a818",
                "sha256:2e635c037d28e1ceded2043d81b879d81348a278d1ae668954a5a7a7d383f7d7",
                "sha256:33098ba2f10f704a85b62720becf444a19753d3a1ee4b8dda7dc289c1d6eda9b",
                "sha256:349976417f7f3371c7133a6427ed8f4faa06fbd93e9b5309d86689f25f191150",
                "sha256:365d7c9fdcae71ae41797dc2dd062dfed4362d1b36d21fa62afbc16c5ec3cd5a",
                "sha256:3b8af9ef71b7149e85f2118eaac9fd7e7ea95528029a66f351d0049877d5a179",
                "sha256:3ed9f993a6f8a611c11ef213968c6972e17d7e8b27936349884c475dc0309e71",
                "sha256:4046bbfc67c5587ca638b875858569a8787e6955eff5dea4e424044de09fe7e4",
                "sha256:418de0a2ec786d610967984fe5d6cb9584413dcce8b9fdd23fff998596f80a95",
                "sha256:48e2cf77626f3cfdda9624de3be7f9c55e37efbb39882d2e96a92d38893a09cb",
                "sha256:4b65cc159fcf1839d078d3de196146626c1a865bd9136fda5fa490f689e904c9",
                "sha256:4c78ff5c46128bdf68b2c4e4b08fac7765ef79f6ee7e17c8a2f7d3090a591d97",
                "sha256:5299d74d96bdc9eaa83496c972048db0027d012a08440b33bdb6dd10a7491da9",
                "sha256:537fc17d59e1de48c1832d5bda60d63f56bcb1300cce7e382d45b8ef3bcacd53",
                "sha256:5b960bcf8c41bd861554adc5932d1d7e0ed169315ca87dbd4d23ec8337764247",
                "sha256:5e3318f0e66c4d46977fc8ba73a2ad33c2de367d133b70b243051283d0ecdaca",
                "sha256:60c034ec3ef3e5679232d9e6c003c4848e4772032d683f0b91ddb84b87d8698d",
                "sha256:651c2382e974e866d78334cdde3c290a04fcbab4cec940c0d3586d77d11b9566",
                "sha256:6c000635c14f11ee3633530ef2d56de1ef266dc89b98f0a5f21e08ab8a9b151b",
                "sha256:76041e2e5d52c864bc4a381f082edeb89e85829130d1fef3366f320237da0580",
                "sha256:78b176bc64a8908b37d5f34b3cce30158c1ebeaf1208c3b5ed62ad456fa1277d",
                "sha256:7ef0f40a02e0b56fe2e7c93dfc9810245f2feeaa0c2ea76654d0768722883639",
                "sha256:810ad22831e4a150c2d6f27141fcf2826fd085ccacf4262d5c742c90aa81cd54",
                "sha256:832a2d2d8509d98381f0bf09b4e1f897765a9c8e0a72164174bcbf983d7d69a3",
                "sha256:833a32c3e44780f37d46dffd559b8e245034c92ae25060f752e4f34e9c7efe24",
                "sha256:86752ca0db00e5a5e991ebc5854400ff16d3812d6d9a156fea4de7d5f10ba801",
                "sha256:93697007df8ba38ab3ae3e777a6875cd1775fc720afe27e4c624cecbab7720de",
                "sha256:93d7814aa1c7e0f1cce300b3b63828abecb024da72e9a10d46db811cf466e68e",
                "sha256:96ecea60915212e59940db41c2a91709ebd4ec6a04e03b0db37a4ddb6825bee6",
                "sha256:9ab1b1dc8b915a0faa7b976ed8291142cf93c2acecf533db8c748fc64be1a004",
                "sha256:9e245719a5ede83c779dd99a4553002ae684d92d0f3e4274dcf06882b063f127",
                "sha256:9fdc08eb19f2fffb989124d1dbea3aa62dd0036615bbf464ceafee0353673bf4",
                "sha256:a68820a5de54a54d145d88f31c74257965bd03ae454263eda054f02bf34dcc9c",
                "sha256:a6edc57962a9f30bff73fc0cc80915c9da9ab3e0892c601263198f8d21d8dfff",
                "sha256:a7cb029286ced5426a381286526d9501846409701a29c2538615c3d1a612b8be",
                "sha256:b054abf40b5aa7122314af59d0244fa274a50c4276d20695d8b7ff69564beb95",
                "sha256:b264c6a1a1a0cacacc82299785415bec91184cb3e4a77d127c40016086705327",
                "sha256:b4513311fad7e499ebb0d7a26178557b85044983199a280cb95c2038902fe1a0",
                "sha256:b4a0feac62d80eca36e2c8035fe4f57c440fbfcd9273a909112cb5bd9baae449",
                "sha256:b4f3a4e41886a19dcb9ea872a6f75ef42baba124a150b5b0a03379da174e1f70",
                "sha256:bb87cf8f23c15346bc1487e6f39d11b37d3ff7788037d3760b7907ea325b6d2c",
                "sha256:c1425f523258d25d8f32a6493978532477c4d7507f5f9252417b1d629427871e",
                "sha256:c1b1ded4a823cc5c2075a622b48d02bc0a72f57579ea24c956ef29649a49eb66",
                "sha256:c8bba64d6ed49fa7ea4f4515986450223f5c744be448c846fb0614bc53b536bd",
                "sha256:cc654cd37d04bbb782c39901bf872b2af5d3c3ead2b1a23b084a81e469b6d0a7",
                "sha256:de293e7291b1ec813a97e42625c2c0a41b0d25d495b3dc5864bbb3dbbb5a719d",
                "sha256:de5af3941f31cfb044a87fc9d9b2f80b3b71b58b27481d9877061b76e9625a22",
                "sha256:dff930adb37d1bcaeca3cf0dcec00eb72c109aa42c84858809cbae2972d79661",
                "sha256:e1927fc5f7099b98529a4cefe8e0cd92ffb026abf5c449310d1d359433c5d94a",
                "sha256:e43f2db347b7faf3fcefb6c39f45615d1d6f58db7305d4474bb63b2845ed4fc8",
                "sha256:e5f01e21648a58de56c24a093e4901fca039b9658074b413c2a4ceb16ea6473b",
                "sha256:e6ef0bdc69310cfdff83faf96c75492ac3d8cf355af275904f1dd90a3c5f24a4",
                "sha256:e7ff737cbb4adf238aa0da50e8b5c2f083e8f62b3c5132fbd732ba59918a909c",
                "sha256:e822e899c13eb1e3a575712d7be5bd03a9103f6027b00ab4351c8404cec5719d",
                "sha256:ed112c9ba0adf41d7e04bf5389dc150ada4d94a6ef1cb56c325d5aed1e4e07d2",
                "sha256:f575381efa788e1a894c68439644817b152b8a68ead643e42c23ba28eeedc33b",
                "sha256:f68bbf88805553911e7e5a9b91136c96a54042b6e3d82d39d733d2edb46ff9a6",
                "sha256:fb4e94e45f6dddb20d59501187721e5d3b02e6cc8a59d261dd5cac739008582a",
                "sha256:fc9ec2321bf3b0b4953910aa87c0c8ab5f93b1f113a9d3d4f18845ce54708d13"
            ],
            "version": "==0.14.0"
        },
        "lnetatmo": {
            "hashes": [
                "sha256:da7af8cae12f99179a82d351f99c214afb813f2c23135755e50433be74336569",
                "sha256:f2719eb0b7ab7677d17d147c04993435ef0d6c7381f19e84ce922f188f831147"
            ],
            "index": "pypi",
            "version": "==4.0.0"
        },
        "setuptools": {
            "hashes": [
                "sha256:54faa7f2e8d2d11bcd2c07bed282eef1046b5c080d1c32add737d7b5817b1ad4",
                "sha256:f211a66637b8fa059bb28183da127d4e86396c991a942b028c6650d4319c3fd0"
            ],
            "markers": "python_version >= '3.8'",
            "version": "==70.0.0"
        },
        "toml": {
            "hashes": [
                "sha256:806143ae5bfb6a3c6e736a764057db0e6a0e05e338b5630894a5f779cabb4f9b",
                "sha256:b3bda1d108d5dd99f4a20d24d9c348e91c4db7ab1b749200bded2f839ccbe68f"
            ],
            "index": "pypi",
            "version": "==0.10.2"
        },
        "webcolors": {
            "hashes": [
                "sha256:29bc7e8752c0a1bd4a1f03c14d6e6a72e93d82193738fa860cbff59d0fcc11bf",
                "sha256:c225b674c83fa923be93d235330ce0300373d02885cef23238813b0d5668304a"
            ],
            "markers": "python_version >= '3.7'",
            "version": "==1.13"
        }
    },
    "develop": {}
}
